
Microsoft Visual Studio Solution File, Format Version 12.00
# Visual Studio Version 17
VisualStudioVersion = 17.0.32014.148
MinimumVisualStudioVersion = 10.0.40219.1
Project("{9A19103F-16F7-4668-BE54-9A1E7A4F7556}") = "MinimalApis", "MinimalApis.csproj", "{0F005FFB-B944-4B85-89FB-43B34F53A8D8}"
EndProject
Project("{9A19103F-16F7-4668-BE54-9A1E7A4F7556}") = "MinimalApis.Tests", "..\MinimalApis.Tests\MinimalApis.Tests.csproj", "{0D512954-E455-4000-B13A-48ECA18AAB3A}"
EndProject
Project("{FAE04EC0-301F-11D3-BF4B-00C04F79EFBC}") = "MinimalApis.xTests", "..\MinimalApis.xTests\MinimalApis.xTests.csproj", "{FFD316C7-4DC3-4663-8C18-A2289E866C99}"
EndProject
Global
	GlobalSection(SolutionConfigurationPlatforms) = preSolution
		Debug|Any CPU = Debug|Any CPU
		Release|Any CPU = Release|Any CPU
	EndGlobalSection
	GlobalSection(ProjectConfigurationPlatforms) = postSolution
		{0F005FFB-B944-4B85-89FB-43B34F53A8D8}.Debug|Any CPU.ActiveCfg = Debug|Any CPU
		{0F005FFB-B944-4B85-89FB-43B34F53A8D8}.Debug|Any CPU.Build.0 = Debug|Any CPU
		{0F005FFB-B944-4B85-89FB-43B34F53A8D8}.Release|Any CPU.ActiveCfg = Release|Any CPU
		{0F005FFB-B944-4B85-89FB-43B34F53A8D8}.Release|Any CPU.Build.0 = Release|Any CPU
		{0D512954-E455-4000-B13A-48ECA18AAB3A}.Debug|Any CPU.ActiveCfg = Debug|Any CPU
		{0D512954-E455-4000-B13A-48ECA18AAB3A}.Debug|Any CPU.Build.0 = Debug|Any CPU
		{0D512954-E455-4000-B13A-48ECA18AAB3A}.Release|Any CPU.ActiveCfg = Release|Any CPU
		{0D512954-E455-4000-B13A-48ECA18AAB3A}.Release|Any CPU.Build.0 = Release|Any CPU
		{FFD316C7-4DC3-4663-8C18-A2289E866C99}.Debug|Any CPU.ActiveCfg = Debug|Any CPU
		{FFD316C7-4DC3-4663-8C18-A2289E866C99}.Debug|Any CPU.Build.0 = Debug|Any CPU
		{FFD316C7-4DC3-4663-8C18-A2289E866C99}.Release|Any CPU.ActiveCfg = Release|Any CPU
		{FFD316C7-4DC3-4663-8C18-A2289E866C99}.Release|Any CPU.Build.0 = Release|Any CPU
	EndGlobalSection
	GlobalSection(SolutionProperties) = preSolution
		HideSolutionNode = FALSE
	EndGlobalSection
	GlobalSection(ExtensibilityGlobals) = postSolution
		SolutionGuid = {98D1187B-EBD5-4755-B935-7A5E710BF61D}
	EndGlobalSection
EndGlobal
